
Microsoft Visual Studio Solution File, Format Version 12.00
# Visual Studio Version 16
VisualStudioVersion = 16.0.31424.327
MinimumVisualStudioVersion = 10.0.40219.1
Project("{9A19103F-16F7-4668-BE54-9A1E7A4F7556}") = "QSharpTestProject", "QSharpTestProject\QSharpTestProject.csproj", "{5555CD90-91A7-44A8-AAAF-92C7272F2C10}"
EndProject
Project("{888888A0-9F3D-457C-B088-3A5042F75D52}") = "QiskitTestProject", "QiskitTestProject\QiskitTestProject.pyproj", "{1BF34E98-DEC6-4EDA-A64D-1B4AC2885331}"
EndProject
Global
	GlobalSection(SolutionConfigurationPlatforms) = preSolution
		Debug|Any CPU = Debug|Any CPU
		Release|Any CPU = Release|Any CPU
	EndGlobalSection
	GlobalSection(ProjectConfigurationPlatforms) = postSolution
		{5555CD90-91A7-44A8-AAAF-92C7272F2C10}.Debug|Any CPU.ActiveCfg = Debug|Any CPU
		{5555CD90-91A7-44A8-AAAF-92C7272F2C10}.Debug|Any CPU.Build.0 = Debug|Any CPU
		{5555CD90-91A7-44A8-AAAF-92C7272F2C10}.Release|Any CPU.ActiveCfg = Release|Any CPU
		{5555CD90-91A7-44A8-AAAF-92C7272F2C10}.Release|Any CPU.Build.0 = Release|Any CPU
		{1BF34E98-DEC6-4EDA-A64D-1B4AC2885331}.Debug|Any CPU.ActiveCfg = Debug|Any CPU
		{1BF34E98-DEC6-4EDA-A64D-1B4AC2885331}.Release|Any CPU.ActiveCfg = Release|Any CPU
	EndGlobalSection
	GlobalSection(SolutionProperties) = preSolution
		HideSolutionNode = FALSE
	EndGlobalSection
	GlobalSection(ExtensibilityGlobals) = postSolution
		SolutionGuid = {3FA9A98E-370B-4670-B911-E72D73B0F74D}
	EndGlobalSection
EndGlobal
